<?xml version="1.0" encoding="utf-8"?>
<Project ToolsVersion="4.0" xmlns="http://schemas.microsoft.com/developer/msbuild/2003">
  <ItemGroup>
    <Filter Include="Source Files">
      <UniqueIdentifier>{4FC737F1-C7A5-4376-A066-2A32D752A2FF}</UniqueIdentifier>
      <Extensions>cpp;c;cc;cxx;def;odl;idl;hpj;bat;asm;asmx</Extensions>
    </Filter>
    <Filter Include="Header Files">
      <UniqueIdentifier>{93995380-89BD-4b04-88EB-625FBE52EBFB}</UniqueIdentifier>
      <Extensions>h;hh;hpp;hxx;hm;inl;inc;xsd</Extensions>
    </Filter>
    <Filter Include="Resource Files">
      <UniqueIdentifier>{67DA6AB6-F800-4c08-8B7A-83BB121AAD01}</UniqueIdentifier>
      <Extensions>rc;ico;cur;bmp;dlg;rc2;rct;bin;rgs;gif;jpg;jpeg;jpe;resx;tiff;tif;png;wav;mfcribbon-ms</Extensions>
    </Filter>
  </ItemGroup>
  <ItemGroup>
    <ClInclude Include="head.h">
      <Filter>Header Files</Filter>
    </ClInclude>
    <ClInclude Include="robotPart.h">
      <Filter>Header Files</Filter>
    </ClInclude>
    <ClInclude Include="arm.h">
      <Filter>Header Files</Filter>
    </ClInclude>
    <ClInclude Include="locomotor.h">
      <Filter>Header Files</Filter>
    </ClInclude>
    <ClInclude Include="torso.h">
      <Filter>Header Files</Filter>
    </ClInclude>
    <ClInclude Include="battery.h">
      <Filter>Header Files</Filter>
    </ClInclude>
    <ClInclude Include="view.h">
      <Filter>Header Files</Filter>
    </ClInclude>
    <ClInclude Include="robotmodel.h">
      <Filter>Header Files</Filter>
    </ClInclude>
    <ClInclude Include="shop.h">
      <Filter>Header Files</Filter>
    </ClInclude>
    <ClInclude Include="headDlg.h">
      <Filter>Header Files</Filter>
    </ClInclude>
    <ClInclude Include="armDlg.h">
      <Filter>Header Files</Filter>
    </ClInclude>
    <ClInclude Include="locomotorDlg.h">
      <Filter>Header Files</Filter>
    </ClInclude>
    <ClInclude Include="torsoDlg.h">
      <Filter>Header Files</Filter>
    </ClInclude>
    <ClInclude Include="batteryDlg.h">
      <Filter>Header Files</Filter>
    </ClInclude>
    <ClInclude Include="robotModelDlg.h">
      <Filter>Header Files</Filter>
    </ClInclude>
    <ClInclude Include="customerDlg.h">
      <Filter>Header Files</Filter>
    </ClInclude>
    <ClInclude Include="customer.h">
      <Filter>Header Files</Filter>
    </ClInclude>
  </ItemGroup>
  <ItemGroup>
    <ClCompile Include="..\PartsTest.cpp">
      <Filter>Source Files</Filter>
    </ClCompile>
    <ClCompile Include="headTest.cpp">
      <Filter>Source Files</Filter>
    </ClCompile>
    <ClCompile Include="head.cpp">
      <Filter>Source Files</Filter>
    </ClCompile>
    <ClCompile Include="armTest.cpp">
      <Filter>Source Files</Filter>
    </ClCompile>
    <ClCompile Include="arm.cpp">
      <Filter>Source Files</Filter>
    </ClCompile>
    <ClCompile Include="locomotor.cpp">
      <Filter>Source Files</Filter>
    </ClCompile>
    <ClCompile Include="locomotorTest.cpp">
      <Filter>Source Files</Filter>
    </ClCompile>
    <ClCompile Include="torsoTest.cpp">
      <Filter>Source Files</Filter>
    </ClCompile>
    <ClCompile Include="torso.cpp">
      <Filter>Source Files</Filter>
    </ClCompile>
    <ClCompile Include="batteryTest.cpp">
      <Filter>Source Files</Filter>
    </ClCompile>
    <ClCompile Include="battery.cpp">
      <Filter>Source Files</Filter>
    </ClCompile>
    <ClCompile Include="main.cpp">
      <Filter>Source Files</Filter>
    </ClCompile>
    <ClCompile Include="view.cpp">
      <Filter>Source Files</Filter>
    </ClCompile>
    <ClCompile Include="robotmodel.cpp">
      <Filter>Source Files</Filter>
    </ClCompile>
    <ClCompile Include="shop.cpp">
      <Filter>Source Files</Filter>
    </ClCompile>
    <ClCompile Include="robotmodelTest.cpp">
      <Filter>Source Files</Filter>
    </ClCompile>
    <ClCompile Include="customer.cpp">
      <Filter>Source Files</Filter>
    </ClCompile>
  </ItemGroup>
  <ItemGroup>
    <Image Include="..\..\..\..\1325\Homework_6\arm_right_orange_power.png">
      <Filter>Resource Files</Filter>
    </Image>
    <Image Include="..\..\..\..\1325\Homework_6\arm_left_orange.png">
      <Filter>Resource Files</Filter>
    </Image>
    <Image Include="..\..\..\..\1325\Homework_6\arm_left_orange_power.png">
      <Filter>Resource Files</Filter>
    </Image>
    <Image Include="..\..\..\..\1325\Homework_6\arm_left_power.png">
      <Filter>Resource Files</Filter>
    </Image>
    <Image Include="..\..\..\..\1325\Homework_6\arm_left_silver_disk.png">
      <Filter>Resource Files</Filter>
    </Image>
    <Image Include="..\..\..\..\1325\Homework_6\arm_right_orange.png">
      <Filter>Resource Files</Filter>
    </Image>
    <Image Include="..\..\..\..\1325\Homework_6\arm_right_power.png">
      <Filter>Resource Files</Filter>
    </Image>
    <Image Include="..\..\..\..\1325\Homework_6\arm_right_silver_disk.png">
      <Filter>Resource Files</Filter>
    </Image>
    <Image Include="..\..\..\..\1325\Homework_6\battery_blue.png">
      <Filter>Resource Files</Filter>
    </Image>
    <Image Include="..\..\..\..\1325\Homework_6\battery_green.png">
      <Filter>Resource Files</Filter>
    </Image>
    <Image Include="..\..\..\..\1325\Homework_6\battery_red.png">
      <Filter>Resource Files</Filter>
    </Image>
    <Image Include="..\..\..\..\1325\Homework_6\battery_yellow.png">
      <Filter>Resource Files</Filter>
    </Image>
    <Image Include="..\..\..\..\1325\Homework_6\full_business_can.jpg">
      <Filter>Resource Files</Filter>
    </Image>
    <Image Include="..\..\..\..\1325\Homework_6\full_button_can.jpg">
      <Filter>Resource Files</Filter>
    </Image>
    <Image Include="..\..\..\..\1325\Homework_6\full_humanoid_soldier.jpg">
      <Filter>Resource Files</Filter>
    </Image>
    <Image Include="..\..\..\..\1325\Homework_6\full_medic_can.jpg">
      <Filter>Resource Files</Filter>
    </Image>
    <Image Include="..\..\..\..\1325\Homework_6\full_orange_can.jpg">
      <Filter>Resource Files</Filter>
    </Image>
    <Image Include="..\..\..\..\1325\Homework_6\full_orange_humanoid_meditating.jpg">
      <Filter>Resource Files</Filter>
    </Image>
    <Image Include="..\..\..\..\1325\Homework_6\full_orange_humanoid_with_laptop_computer.jpg">
      <Filter>Resource Files</Filter>
    </Image>
    <Image Include="..\..\..\..\1325\Homework_6\full_white_can_w_antennae.jpg">
      <Filter>Resource Files</Filter>
    </Image>
    <Image Include="..\..\..\..\1325\Homework_6\head_antennae.png">
      <Filter>Resource Files</Filter>
    </Image>
    <Image Include="..\..\..\..\1325\Homework_6\head_antennaeless.png">
      <Filter>Resource Files</Filter>
    </Image>
    <Image Include="..\..\..\..\1325\Homework_6\head_asymmetric_antenna.png">
      <Filter>Resource Files</Filter>
    </Image>
    <Image Include="..\..\..\..\1325\Homework_6\head_orange.png">
      <Filter>Resource Files</Filter>
    </Image>
    <Image Include="..\..\..\..\1325\Homework_6\head_orange_antennae.png">
      <Filter>Resource Files</Filter>
    </Image>
    <Image Include="..\..\..\..\1325\Homework_6\head_satellite_dish.png">
      <Filter>Resource Files</Filter>
    </Image>
    <Image Include="..\..\..\..\1325\Homework_6\head_smart.png">
      <Filter>Resource Files</Filter>
    </Image>
    <Image Include="..\..\..\..\1325\Homework_6\head_soldier.png">
      <Filter>Resource Files</Filter>
    </Image>
    <Image Include="..\..\..\..\1325\Homework_6\locomotor_fancy_legs.png">
      <Filter>Resource Files</Filter>
    </Image>
    <Image Include="..\..\..\..\1325\Homework_6\locomotor_flatfoot.png">
      <Filter>Resource Files</Filter>
    </Image>
    <Image Include="..\..\..\..\1325\Homework_6\locomotor_orange.png">
      <Filter>Resource Files</Filter>
    </Image>
    <Image Include="..\..\..\..\1325\Homework_6\locomotor_orange_flatfoot.png">
      <Filter>Resource Files</Filter>
    </Image>
    <Image Include="..\..\..\..\1325\Homework_6\torso_button.png">
      <Filter>Resource Files</Filter>
    </Image>
    <Image Include="..\..\..\..\1325\Homework_6\torso_can.png">
      <Filter>Resource Files</Filter>
    </Image>
    <Image Include="..\..\..\..\1325\Homework_6\torso_orange.png">
      <Filter>Resource Files</Filter>
    </Image>
    <Image Include="..\..\..\..\1325\Homework_6\torso_orange_can.png">
      <Filter>Resource Files</Filter>
    </Image>
    <Image Include="..\..\..\..\1325\Homework_6\torso_soldier.png">
      <Filter>Resource Files</Filter>
    </Image>
  </ItemGroup>
</Project>